{
    "name": "stuju-client",
    "version": "0.0.0",
    "lockfileVersion": 2,
    "requires": true,
    "packages": {
        "": {
            "name": "stuju-client",
            "version": "0.0.0",
            "dependencies": {
                "@popperjs/core": "^2.11.5",
                "axios": "^1.6.0",
                "bootstrap": "^5.2.0-beta1",
                "bootstrap-icons": "^1.8.3",
                "mdb-vue-ui-kit": "^1.14.0",
                "sweetalert2": "^11.4.17",
                "vee-validate": "^4.5.11",
                "vue": "^3.2.36",
                "vue-router": "^4.0.13",
                "vue-sweetalert2": "^5.0.5",
                "vuex": "^4.0.2",
                "yup": "^0.32.11"
            },
            "devDependencies": {
                "@vitejs/plugin-vue": "^2.3.3",
                "vite": "^2.9.16"
            }
        },
        "node_modules/@babel/parser": {
            "version": "7.18.4",
            "license": "MIT",
            "bin": {
                "parser": "bin/babel-parser.js"
            },
            "engines": {
                "node": ">=6.0.0"
            }
        },
        "node_modules/@babel/runtime": {
            "version": "7.18.3",
            "license": "MIT",
            "dependencies": {
                "regenerator-runtime": "^0.13.4"
            },
            "engines": {
                "node": ">=6.9.0"
            }
        },
        "node_modules/@popperjs/core": {
            "version": "2.11.5",
            "license": "MIT",
            "funding": {
                "type": "opencollective",
                "url": "https://opencollective.com/popperjs"
            }
        },
        "node_modules/@types/lodash": {
            "version": "4.14.182",
            "license": "MIT"
        },
        "node_modules/@vitejs/plugin-vue": {
            "version": "2.3.3",
            "dev": true,
            "license": "MIT",
            "engines": {
                "node": ">=12.0.0"
            },
            "peerDependencies": {
                "vite": "^2.5.10",
                "vue": "^3.2.25"
            }
        },
        "node_modules/@vue/compiler-core": {
            "version": "3.2.36",
            "license": "MIT",
            "dependencies": {
                "@babel/parser": "^7.16.4",
                "@vue/shared": "3.2.36",
                "estree-walker": "^2.0.2",
                "source-map": "^0.6.1"
            }
        },
        "node_modules/@vue/compiler-dom": {
            "version": "3.2.36",
            "license": "MIT",
            "dependencies": {
                "@vue/compiler-core": "3.2.36",
                "@vue/shared": "3.2.36"
            }
        },
        "node_modules/@vue/compiler-sfc": {
            "version": "3.2.36",
            "license": "MIT",
            "dependencies": {
                "@babel/parser": "^7.16.4",
                "@vue/compiler-core": "3.2.36",
                "@vue/compiler-dom": "3.2.36",
                "@vue/compiler-ssr": "3.2.36",
                "@vue/reactivity-transform": "3.2.36",
                "@vue/shared": "3.2.36",
                "estree-walker": "^2.0.2",
                "magic-string": "^0.25.7",
                "postcss": "^8.1.10",
                "source-map": "^0.6.1"
            }
        },
        "node_modules/@vue/compiler-ssr": {
            "version": "3.2.36",
            "license": "MIT",
            "dependencies": {
                "@vue/compiler-dom": "3.2.36",
                "@vue/shared": "3.2.36"
            }
        },
        "node_modules/@vue/devtools-api": {
            "version": "6.1.4",
            "license": "MIT"
        },
        "node_modules/@vue/reactivity": {
            "version": "3.2.36",
            "license": "MIT",
            "dependencies": {
                "@vue/shared": "3.2.36"
            }
        },
        "node_modules/@vue/reactivity-transform": {
            "version": "3.2.36",
            "license": "MIT",
            "dependencies": {
                "@babel/parser": "^7.16.4",
                "@vue/compiler-core": "3.2.36",
                "@vue/shared": "3.2.36",
                "estree-walker": "^2.0.2",
                "magic-string": "^0.25.7"
            }
        },
        "node_modules/@vue/runtime-core": {
            "version": "3.2.36",
            "license": "MIT",
            "dependencies": {
                "@vue/reactivity": "3.2.36",
                "@vue/shared": "3.2.36"
            }
        },
        "node_modules/@vue/runtime-dom": {
            "version": "3.2.36",
            "license": "MIT",
            "dependencies": {
                "@vue/runtime-core": "3.2.36",
                "@vue/shared": "3.2.36",
                "csstype": "^2.6.8"
            }
        },
        "node_modules/@vue/server-renderer": {
            "version": "3.2.36",
            "license": "MIT",
            "dependencies": {
                "@vue/compiler-ssr": "3.2.36",
                "@vue/shared": "3.2.36"
            },
            "peerDependencies": {
                "vue": "3.2.36"
            }
        },
        "node_modules/@vue/shared": {
            "version": "3.2.36",
            "license": "MIT"
        },
        "node_modules/asynckit": {
            "version": "0.4.0",
            "license": "MIT"
        },
        "node_modules/axios": {
            "version": "1.6.7",
            "resolved": "https://registry.npmjs.org/axios/-/axios-1.6.7.tgz",
            "integrity": "sha512-/hDJGff6/c7u0hDkvkGxR/oy6CbCs8ziCsC7SqmhjfozqiJGc8Z11wrv9z9lYfY4K8l+H9TpjcMDX0xOZmx+RA==",
            "dependencies": {
                "follow-redirects": "^1.15.4",
                "form-data": "^4.0.0",
                "proxy-from-env": "^1.1.0"
            }
        },
        "node_modules/bootstrap": {
            "version": "5.2.0-beta1",
            "funding": [
                {
                    "type": "github",
                    "url": "https://github.com/sponsors/twbs"
                },
                {
                    "type": "opencollective",
                    "url": "https://opencollective.com/bootstrap"
                }
            ],
            "license": "MIT",
            "peerDependencies": {
                "@popperjs/core": "^2.11.5"
            }
        },
        "node_modules/bootstrap-icons": {
            "version": "1.8.3",
            "license": "MIT"
        },
        "node_modules/combined-stream": {
            "version": "1.0.8",
            "license": "MIT",
            "dependencies": {
                "delayed-stream": "~1.0.0"
            },
            "engines": {
                "node": ">= 0.8"
            }
        },
        "node_modules/csstype": {
            "version": "2.6.20",
            "license": "MIT"
        },
        "node_modules/delayed-stream": {
            "version": "1.0.0",
            "license": "MIT",
            "engines": {
                "node": ">=0.4.0"
            }
        },
        "node_modules/esbuild": {
            "version": "0.14.42",
            "dev": true,
            "hasInstallScript": true,
            "license": "MIT",
            "bin": {
                "esbuild": "bin/esbuild"
            },
            "engines": {
                "node": ">=12"
            },
            "optionalDependencies": {
                "esbuild-android-64": "0.14.42",
                "esbuild-android-arm64": "0.14.42",
                "esbuild-darwin-64": "0.14.42",
                "esbuild-darwin-arm64": "0.14.42",
                "esbuild-freebsd-64": "0.14.42",
                "esbuild-freebsd-arm64": "0.14.42",
                "esbuild-linux-32": "0.14.42",
                "esbuild-linux-64": "0.14.42",
                "esbuild-linux-arm": "0.14.42",
                "esbuild-linux-arm64": "0.14.42",
                "esbuild-linux-mips64le": "0.14.42",
                "esbuild-linux-ppc64le": "0.14.42",
                "esbuild-linux-riscv64": "0.14.42",
                "esbuild-linux-s390x": "0.14.42",
                "esbuild-netbsd-64": "0.14.42",
                "esbuild-openbsd-64": "0.14.42",
                "esbuild-sunos-64": "0.14.42",
                "esbuild-windows-32": "0.14.42",
                "esbuild-windows-64": "0.14.42",
                "esbuild-windows-arm64": "0.14.42"
            }
        },
        "node_modules/esbuild-windows-64": {
            "version": "0.14.42",
            "cpu": [
                "x64"
            ],
            "dev": true,
            "license": "MIT",
            "optional": true,
            "os": [
                "win32"
            ],
            "engines": {
                "node": ">=12"
            }
        },
        "node_modules/estree-walker": {
            "version": "2.0.2",
            "license": "MIT"
        },
        "node_modules/follow-redirects": {
            "version": "1.15.6",
            "resolved": "https://registry.npmjs.org/follow-redirects/-/follow-redirects-1.15.6.tgz",
            "integrity": "sha512-wWN62YITEaOpSK584EZXJafH1AGpO8RVgElfkuXbTOrPX4fIfOyEpW/CsiNd8JdYrAoOvafRTOEnvsO++qCqFA==",
            "funding": [
                {
                    "type": "individual",
                    "url": "https://github.com/sponsors/RubenVerborgh"
                }
            ],
            "engines": {
                "node": ">=4.0"
            },
            "peerDependenciesMeta": {
                "debug": {
                    "optional": true
                }
            }
        },
        "node_modules/form-data": {
            "version": "4.0.0",
            "license": "MIT",
            "dependencies": {
                "asynckit": "^0.4.0",
                "combined-stream": "^1.0.8",
                "mime-types": "^2.1.12"
            },
            "engines": {
                "node": ">= 6"
            }
        },
        "node_modules/fsevents": {
            "version": "2.3.3",
            "resolved": "https://registry.npmjs.org/fsevents/-/fsevents-2.3.3.tgz",
            "integrity": "sha512-5xoDfX+fL7faATnagmWPpbFtwh/R77WmMMqqHGS65C3vvB0YHrgF+B1YmZ3441tMj5n63k0212XNoJwzlhffQw==",
            "dev": true,
            "hasInstallScript": true,
            "optional": true,
            "os": [
                "darwin"
            ],
            "engines": {
                "node": "^8.16.0 || ^10.6.0 || >=11.0.0"
            }
        },
        "node_modules/function-bind": {
            "version": "1.1.1",
            "dev": true,
            "license": "MIT"
        },
        "node_modules/has": {
            "version": "1.0.3",
            "dev": true,
            "license": "MIT",
            "dependencies": {
                "function-bind": "^1.1.1"
            },
            "engines": {
                "node": ">= 0.4.0"
            }
        },
        "node_modules/is-core-module": {
            "version": "2.9.0",
            "dev": true,
            "license": "MIT",
            "dependencies": {
                "has": "^1.0.3"
            },
            "funding": {
                "url": "https://github.com/sponsors/ljharb"
            }
        },
        "node_modules/lodash": {
            "version": "4.17.21",
            "license": "MIT"
        },
        "node_modules/lodash-es": {
            "version": "4.17.21",
            "license": "MIT"
        },
        "node_modules/magic-string": {
            "version": "0.25.9",
            "license": "MIT",
            "dependencies": {
                "sourcemap-codec": "^1.4.8"
            }
        },
        "node_modules/mdb-vue-ui-kit": {
            "version": "1.14.0",
            "license": "MIT"
        },
        "node_modules/mime-db": {
            "version": "1.52.0",
            "license": "MIT",
            "engines": {
                "node": ">= 0.6"
            }
        },
        "node_modules/mime-types": {
            "version": "2.1.35",
            "license": "MIT",
            "dependencies": {
                "mime-db": "1.52.0"
            },
            "engines": {
                "node": ">= 0.6"
            }
        },
        "node_modules/nanoclone": {
            "version": "0.2.1",
            "license": "MIT"
        },
        "node_modules/nanoid": {
            "version": "3.3.4",
            "license": "MIT",
            "bin": {
                "nanoid": "bin/nanoid.cjs"
            },
            "engines": {
                "node": "^10 || ^12 || ^13.7 || ^14 || >=15.0.1"
            }
        },
        "node_modules/path-parse": {
            "version": "1.0.7",
            "dev": true,
            "license": "MIT"
        },
        "node_modules/picocolors": {
            "version": "1.0.0",
            "license": "ISC"
        },
        "node_modules/postcss": {
            "version": "8.4.14",
            "funding": [
                {
                    "type": "opencollective",
                    "url": "https://opencollective.com/postcss/"
                },
                {
                    "type": "tidelift",
                    "url": "https://tidelift.com/funding/github/npm/postcss"
                }
            ],
            "license": "MIT",
            "dependencies": {
                "nanoid": "^3.3.4",
                "picocolors": "^1.0.0",
                "source-map-js": "^1.0.2"
            },
            "engines": {
                "node": "^10 || ^12 || >=14"
            }
        },
        "node_modules/property-expr": {
            "version": "2.0.5",
            "license": "MIT"
        },
        "node_modules/proxy-from-env": {
            "version": "1.1.0",
            "resolved": "https://registry.npmjs.org/proxy-from-env/-/proxy-from-env-1.1.0.tgz",
            "integrity": "sha512-D+zkORCbA9f1tdWRK0RaCR3GPv50cMxcrz4X8k5LTSUD1Dkw47mKJEZQNunItRTkWwgtaUSo1RVFRIG9ZXiFYg=="
        },
        "node_modules/regenerator-runtime": {
            "version": "0.13.9",
            "license": "MIT"
        },
        "node_modules/resolve": {
            "version": "1.22.0",
            "dev": true,
            "license": "MIT",
            "dependencies": {
                "is-core-module": "^2.8.1",
                "path-parse": "^1.0.7",
                "supports-preserve-symlinks-flag": "^1.0.0"
            },
            "bin": {
                "resolve": "bin/resolve"
            },
            "funding": {
                "url": "https://github.com/sponsors/ljharb"
            }
        },
        "node_modules/rollup": {
            "version": "2.75.5",
            "dev": true,
            "license": "MIT",
            "bin": {
                "rollup": "dist/bin/rollup"
            },
            "engines": {
                "node": ">=10.0.0"
            },
            "optionalDependencies": {
                "fsevents": "~2.3.2"
            }
        },
        "node_modules/source-map": {
            "version": "0.6.1",
            "license": "BSD-3-Clause",
            "engines": {
                "node": ">=0.10.0"
            }
        },
        "node_modules/source-map-js": {
            "version": "1.0.2",
            "license": "BSD-3-Clause",
            "engines": {
                "node": ">=0.10.0"
            }
        },
        "node_modules/sourcemap-codec": {
            "version": "1.4.8",
            "license": "MIT"
        },
        "node_modules/supports-preserve-symlinks-flag": {
            "version": "1.0.0",
            "dev": true,
            "license": "MIT",
            "engines": {
                "node": ">= 0.4"
            },
            "funding": {
                "url": "https://github.com/sponsors/ljharb"
            }
        },
        "node_modules/sweetalert2": {
            "version": "11.4.17",
            "license": "MIT",
            "funding": {
                "type": "individual",
                "url": "https://sweetalert2.github.io/#donations"
            }
        },
        "node_modules/toposort": {
            "version": "2.0.2",
            "license": "MIT"
        },
        "node_modules/vee-validate": {
            "version": "4.5.11",
            "license": "MIT",
            "dependencies": {
                "@vue/devtools-api": "^6.0.0-beta.15"
            },
            "peerDependencies": {
                "vue": "^3.0.0"
            }
        },
        "node_modules/vite": {
            "version": "2.9.17",
            "resolved": "https://registry.npmjs.org/vite/-/vite-2.9.17.tgz",
            "integrity": "sha512-XxcRzra6d7xrKXH66jZUgb+srThoPu+TLJc06GifUyKq9JmjHkc1Numc8ra0h56rju2jfVWw3B3fs5l3OFMvUw==",
            "dev": true,
            "dependencies": {
                "esbuild": "^0.14.27",
                "postcss": "^8.4.13",
                "resolve": "^1.22.0",
                "rollup": ">=2.59.0 <2.78.0"
            },
            "bin": {
                "vite": "bin/vite.js"
            },
            "engines": {
                "node": ">=12.2.0"
            },
            "optionalDependencies": {
                "fsevents": "~2.3.2"
            },
            "peerDependencies": {
                "less": "*",
                "sass": "*",
                "stylus": "*"
            },
            "peerDependenciesMeta": {
                "less": {
                    "optional": true
                },
                "sass": {
                    "optional": true
                },
                "stylus": {
                    "optional": true
                }
            }
        },
        "node_modules/vue": {
            "version": "3.2.36",
            "license": "MIT",
            "dependencies": {
                "@vue/compiler-dom": "3.2.36",
                "@vue/compiler-sfc": "3.2.36",
                "@vue/runtime-dom": "3.2.36",
                "@vue/server-renderer": "3.2.36",
                "@vue/shared": "3.2.36"
            }
        },
        "node_modules/vue-router": {
            "version": "4.0.13",
            "license": "MIT",
            "dependencies": {
                "@vue/devtools-api": "^6.0.0"
            },
            "funding": {
                "url": "https://github.com/sponsors/posva"
            },
            "peerDependencies": {
                "vue": "^3.2.0"
            }
        },
        "node_modules/vue-sweetalert2": {
            "version": "5.0.5",
            "license": "MIT",
            "dependencies": {
                "sweetalert2": "11.x"
            },
            "peerDependencies": {
                "vue": "*"
            }
        },
        "node_modules/vuex": {
            "version": "4.0.2",
            "license": "MIT",
            "dependencies": {
                "@vue/devtools-api": "^6.0.0-beta.11"
            },
            "peerDependencies": {
                "vue": "^3.0.2"
            }
        },
        "node_modules/yup": {
            "version": "0.32.11",
            "license": "MIT",
            "dependencies": {
                "@babel/runtime": "^7.15.4",
                "@types/lodash": "^4.14.175",
                "lodash": "^4.17.21",
                "lodash-es": "^4.17.21",
                "nanoclone": "^0.2.1",
                "property-expr": "^2.0.4",
                "toposort": "^2.0.2"
            },
            "engines": {
                "node": ">=10"
            }
        }
    },
    "dependencies": {
        "@babel/parser": {
            "version": "7.18.4"
        },
        "@babel/runtime": {
            "version": "7.18.3",
            "requires": {
                "regenerator-runtime": "^0.13.4"
            }
        },
        "@popperjs/core": {
            "version": "2.11.5"
        },
        "@types/lodash": {
            "version": "4.14.182"
        },
        "@vitejs/plugin-vue": {
            "version": "2.3.3",
            "dev": true,
            "requires": {}
        },
        "@vue/compiler-core": {
            "version": "3.2.36",
            "requires": {
                "@babel/parser": "^7.16.4",
                "@vue/shared": "3.2.36",
                "estree-walker": "^2.0.2",
                "source-map": "^0.6.1"
            }
        },
        "@vue/compiler-dom": {
            "version": "3.2.36",
            "requires": {
                "@vue/compiler-core": "3.2.36",
                "@vue/shared": "3.2.36"
            }
        },
        "@vue/compiler-sfc": {
            "version": "3.2.36",
            "requires": {
                "@babel/parser": "^7.16.4",
                "@vue/compiler-core": "3.2.36",
                "@vue/compiler-dom": "3.2.36",
                "@vue/compiler-ssr": "3.2.36",
                "@vue/reactivity-transform": "3.2.36",
                "@vue/shared": "3.2.36",
                "estree-walker": "^2.0.2",
                "magic-string": "^0.25.7",
                "postcss": "^8.1.10",
                "source-map": "^0.6.1"
            }
        },
        "@vue/compiler-ssr": {
            "version": "3.2.36",
            "requires": {
                "@vue/compiler-dom": "3.2.36",
                "@vue/shared": "3.2.36"
            }
        },
        "@vue/devtools-api": {
            "version": "6.1.4"
        },
        "@vue/reactivity": {
            "version": "3.2.36",
            "requires": {
                "@vue/shared": "3.2.36"
            }
        },
        "@vue/reactivity-transform": {
            "version": "3.2.36",
            "requires": {
                "@babel/parser": "^7.16.4",
                "@vue/compiler-core": "3.2.36",
                "@vue/shared": "3.2.36",
                "estree-walker": "^2.0.2",
                "magic-string": "^0.25.7"
            }
        },
        "@vue/runtime-core": {
            "version": "3.2.36",
            "requires": {
                "@vue/reactivity": "3.2.36",
                "@vue/shared": "3.2.36"
            }
        },
        "@vue/runtime-dom": {
            "version": "3.2.36",
            "requires": {
                "@vue/runtime-core": "3.2.36",
                "@vue/shared": "3.2.36",
                "csstype": "^2.6.8"
            }
        },
        "@vue/server-renderer": {
            "version": "3.2.36",
            "requires": {
                "@vue/compiler-ssr": "3.2.36",
                "@vue/shared": "3.2.36"
            }
        },
        "@vue/shared": {
            "version": "3.2.36"
        },
        "asynckit": {
            "version": "0.4.0"
        },
        "axios": {
            "version": "1.6.7",
            "resolved": "https://registry.npmjs.org/axios/-/axios-1.6.7.tgz",
            "integrity": "sha512-/hDJGff6/c7u0hDkvkGxR/oy6CbCs8ziCsC7SqmhjfozqiJGc8Z11wrv9z9lYfY4K8l+H9TpjcMDX0xOZmx+RA==",
            "requires": {
                "follow-redirects": "^1.15.4",
                "form-data": "^4.0.0",
                "proxy-from-env": "^1.1.0"
            }
        },
        "bootstrap": {
            "version": "5.2.0-beta1",
            "requires": {}
        },
        "bootstrap-icons": {
            "version": "1.8.3"
        },
        "combined-stream": {
            "version": "1.0.8",
            "requires": {
                "delayed-stream": "~1.0.0"
            }
        },
        "csstype": {
            "version": "2.6.20"
        },
        "delayed-stream": {
            "version": "1.0.0"
        },
        "esbuild": {
            "version": "0.14.42",
            "dev": true,
            "requires": {
                "esbuild-android-64": "0.14.42",
                "esbuild-android-arm64": "0.14.42",
                "esbuild-darwin-64": "0.14.42",
                "esbuild-darwin-arm64": "0.14.42",
                "esbuild-freebsd-64": "0.14.42",
                "esbuild-freebsd-arm64": "0.14.42",
                "esbuild-linux-32": "0.14.42",
                "esbuild-linux-64": "0.14.42",
                "esbuild-linux-arm": "0.14.42",
                "esbuild-linux-arm64": "0.14.42",
                "esbuild-linux-mips64le": "0.14.42",
                "esbuild-linux-ppc64le": "0.14.42",
                "esbuild-linux-riscv64": "0.14.42",
                "esbuild-linux-s390x": "0.14.42",
                "esbuild-netbsd-64": "0.14.42",
                "esbuild-openbsd-64": "0.14.42",
                "esbuild-sunos-64": "0.14.42",
                "esbuild-windows-32": "0.14.42",
                "esbuild-windows-64": "0.14.42",
                "esbuild-windows-arm64": "0.14.42"
            }
        },
        "esbuild-windows-64": {
            "version": "0.14.42",
            "dev": true,
            "optional": true
        },
        "estree-walker": {
            "version": "2.0.2"
        },
        "follow-redirects": {
            "version": "1.15.6",
            "resolved": "https://registry.npmjs.org/follow-redirects/-/follow-redirects-1.15.6.tgz",
            "integrity": "sha512-wWN62YITEaOpSK584EZXJafH1AGpO8RVgElfkuXbTOrPX4fIfOyEpW/CsiNd8JdYrAoOvafRTOEnvsO++qCqFA=="
        },
        "form-data": {
            "version": "4.0.0",
            "requires": {
                "asynckit": "^0.4.0",
                "combined-stream": "^1.0.8",
                "mime-types": "^2.1.12"
            }
        },
        "fsevents": {
            "version": "2.3.3",
            "resolved": "https://registry.npmjs.org/fsevents/-/fsevents-2.3.3.tgz",
            "integrity": "sha512-5xoDfX+fL7faATnagmWPpbFtwh/R77WmMMqqHGS65C3vvB0YHrgF+B1YmZ3441tMj5n63k0212XNoJwzlhffQw==",
            "dev": true,
            "optional": true
        },
        "function-bind": {
            "version": "1.1.1",
            "dev": true
        },
        "has": {
            "version": "1.0.3",
            "dev": true,
            "requires": {
                "function-bind": "^1.1.1"
            }
        },
        "is-core-module": {
            "version": "2.9.0",
            "dev": true,
            "requires": {
                "has": "^1.0.3"
            }
        },
        "lodash": {
            "version": "4.17.21"
        },
        "lodash-es": {
            "version": "4.17.21"
        },
        "magic-string": {
            "version": "0.25.9",
            "requires": {
                "sourcemap-codec": "^1.4.8"
            }
        },
        "mdb-vue-ui-kit": {
            "version": "1.14.0"
        },
        "mime-db": {
            "version": "1.52.0"
        },
        "mime-types": {
            "version": "2.1.35",
            "requires": {
                "mime-db": "1.52.0"
            }
        },
        "nanoclone": {
            "version": "0.2.1"
        },
        "nanoid": {
            "version": "3.3.4"
        },
        "path-parse": {
            "version": "1.0.7",
            "dev": true
        },
        "picocolors": {
            "version": "1.0.0"
        },
        "postcss": {
            "version": "8.4.14",
            "requires": {
                "nanoid": "^3.3.4",
                "picocolors": "^1.0.0",
                "source-map-js": "^1.0.2"
            }
        },
        "property-expr": {
            "version": "2.0.5"
        },
        "proxy-from-env": {
            "version": "1.1.0",
            "resolved": "https://registry.npmjs.org/proxy-from-env/-/proxy-from-env-1.1.0.tgz",
            "integrity": "sha512-D+zkORCbA9f1tdWRK0RaCR3GPv50cMxcrz4X8k5LTSUD1Dkw47mKJEZQNunItRTkWwgtaUSo1RVFRIG9ZXiFYg=="
        },
        "regenerator-runtime": {
            "version": "0.13.9"
        },
        "resolve": {
            "version": "1.22.0",
            "dev": true,
            "requires": {
                "is-core-module": "^2.8.1",
                "path-parse": "^1.0.7",
                "supports-preserve-symlinks-flag": "^1.0.0"
            }
        },
        "rollup": {
            "version": "2.75.5",
            "dev": true,
            "requires": {
                "fsevents": "~2.3.2"
            }
        },
        "source-map": {
            "version": "0.6.1"
        },
        "source-map-js": {
            "version": "1.0.2"
        },
        "sourcemap-codec": {
            "version": "1.4.8"
        },
        "supports-preserve-symlinks-flag": {
            "version": "1.0.0",
            "dev": true
        },
        "sweetalert2": {
            "version": "11.4.17"
        },
        "toposort": {
            "version": "2.0.2"
        },
        "vee-validate": {
            "version": "4.5.11",
            "requires": {
                "@vue/devtools-api": "^6.0.0-beta.15"
            }
        },
        "vite": {
            "version": "2.9.17",
            "resolved": "https://registry.npmjs.org/vite/-/vite-2.9.17.tgz",
            "integrity": "sha512-XxcRzra6d7xrKXH66jZUgb+srThoPu+TLJc06GifUyKq9JmjHkc1Numc8ra0h56rju2jfVWw3B3fs5l3OFMvUw==",
            "dev": true,
            "requires": {
                "esbuild": "^0.14.27",
                "fsevents": "~2.3.2",
                "postcss": "^8.4.13",
                "resolve": "^1.22.0",
                "rollup": ">=2.59.0 <2.78.0"
            }
        },
        "vue": {
            "version": "3.2.36",
            "requires": {
                "@vue/compiler-dom": "3.2.36",
                "@vue/compiler-sfc": "3.2.36",
                "@vue/runtime-dom": "3.2.36",
                "@vue/server-renderer": "3.2.36",
                "@vue/shared": "3.2.36"
            }
        },
        "vue-router": {
            "version": "4.0.13",
            "requires": {
                "@vue/devtools-api": "^6.0.0"
            }
        },
        "vue-sweetalert2": {
            "version": "5.0.5",
            "requires": {
                "sweetalert2": "11.x"
            }
        },
        "vuex": {
            "version": "4.0.2",
            "requires": {
                "@vue/devtools-api": "^6.0.0-beta.11"
            }
        },
        "yup": {
            "version": "0.32.11",
            "requires": {
                "@babel/runtime": "^7.15.4",
                "@types/lodash": "^4.14.175",
                "lodash": "^4.17.21",
                "lodash-es": "^4.17.21",
                "nanoclone": "^0.2.1",
                "property-expr": "^2.0.4",
                "toposort": "^2.0.2"
            }
        }
    }
}
